// !$*UTF8*$!
{
	archiveVersion = 1;
	classes = {
	};
	objectVersion = 48;
	objects = {

/* Begin PBXBuildFile section */
		087ADF14B91E16248A1C7C55 /* Pods_GitHubRepos.framework in Frameworks */ = {isa = PBXBuildFile; fileRef = F45CEAFA0E33DB6FD6D73E02 /* Pods_GitHubRepos.framework */; };
		72AD414E7833F6F6BFA4B186 /* Pods_GitHubReposTests.framework in Frameworks */ = {isa = PBXBuildFile; fileRef = E0AACFE10AA21C9AE76D4570 /* Pods_GitHubReposTests.framework */; };
		842F72F120D67A1600F78C08 /* AppDelegate.swift in Sources */ = {isa = PBXBuildFile; fileRef = 842F72F020D67A1600F78C08 /* AppDelegate.swift */; };
		842F72F620D67A1600F78C08 /* Main.storyboard in Resources */ = {isa = PBXBuildFile; fileRef = 842F72F420D67A1600F78C08 /* Main.storyboard */; };
		842F72F820D67A1600F78C08 /* Assets.xcassets in Resources */ = {isa = PBXBuildFile; fileRef = 842F72F720D67A1600F78C08 /* Assets.xcassets */; };
		842F72FB20D67A1600F78C08 /* LaunchScreen.storyboard in Resources */ = {isa = PBXBuildFile; fileRef = 842F72F920D67A1600F78C08 /* LaunchScreen.storyboard */; };
		842F730620D67A1600F78C08 /* GitHubReposTests.swift in Sources */ = {isa = PBXBuildFile; fileRef = 842F730520D67A1600F78C08 /* GitHubReposTests.swift */; };
		842F731120D67A1700F78C08 /* GitHubReposUITests.swift in Sources */ = {isa = PBXBuildFile; fileRef = 842F731020D67A1700F78C08 /* GitHubReposUITests.swift */; };
		842F732220D6832500F78C08 /* Repo.swift in Sources */ = {isa = PBXBuildFile; fileRef = 842F732120D6832500F78C08 /* Repo.swift */; };
		842F732420D6834900F78C08 /* Repo+sql.swift in Sources */ = {isa = PBXBuildFile; fileRef = 842F732320D6834900F78C08 /* Repo+sql.swift */; };
		842F732A20D68CE200F78C08 /* RepoViewCell.swift in Sources */ = {isa = PBXBuildFile; fileRef = 842F732920D68CE200F78C08 /* RepoViewCell.swift */; };
		842F732C20D68D6700F78C08 /* ReposVC.swift in Sources */ = {isa = PBXBuildFile; fileRef = 842F732B20D68D6700F78C08 /* ReposVC.swift */; };
		842F732E20D69AC300F78C08 /* GitHubAPI.swift in Sources */ = {isa = PBXBuildFile; fileRef = 842F732D20D69AC300F78C08 /* GitHubAPI.swift */; };
		84C186F220D78399002FFECF /* MainVC.swift in Sources */ = {isa = PBXBuildFile; fileRef = 84C186F120D78399002FFECF /* MainVC.swift */; };
		84C186F520D78D6B002FFECF /* Date.swift in Sources */ = {isa = PBXBuildFile; fileRef = 84C186F420D78D6B002FFECF /* Date.swift */; };
		FAA3D0753CAB27C845DF7C25 /* Pods_GitHubReposUITests.framework in Frameworks */ = {isa = PBXBuildFile; fileRef = FE88E296BE0C20032654415F /* Pods_GitHubReposUITests.framework */; };
/* End PBXBuildFile section */

/* Begin PBXContainerItemProxy section */
		842F730220D67A1600F78C08 /* PBXContainerItemProxy */ = {
			isa = PBXContainerItemProxy;
			containerPortal = 842F72E520D67A1600F78C08 /* Project object */;
			proxyType = 1;
			remoteGlobalIDString = 842F72EC20D67A1600F78C08;
			remoteInfo = GitHubRepos;
		};
		842F730D20D67A1700F78C08 /* PBXContainerItemProxy */ = {
			isa = PBXContainerItemProxy;
			containerPortal = 842F72E520D67A1600F78C08 /* Project object */;
			proxyType = 1;
			remoteGlobalIDString = 842F72EC20D67A1600F78C08;
			remoteInfo = GitHubRepos;
		};
/* End PBXContainerItemProxy section */

/* Begin PBXFileReference section */
		073075F7518D8576BDE774F5 /* Pods-GitHubReposUITests.debug.xcconfig */ = {isa = PBXFileReference; includeInIndex = 1; lastKnownFileType = text.xcconfig; name = "Pods-GitHubReposUITests.debug.xcconfig"; path = "Pods/Target Support Files/Pods-GitHubReposUITests/Pods-GitHubReposUITests.debug.xcconfig"; sourceTree = "<group>"; };
		5F346E0BE93FA5044EE59186 /* Pods-GitHubRepos.debug.xcconfig */ = {isa = PBXFileReference; includeInIndex = 1; lastKnownFileType = text.xcconfig; name = "Pods-GitHubRepos.debug.xcconfig"; path = "Pods/Target Support Files/Pods-GitHubRepos/Pods-GitHubRepos.debug.xcconfig"; sourceTree = "<group>"; };
		61D5E826E72FD19891E7A0BD /* Pods-GitHubReposUITests.release.xcconfig */ = {isa = PBXFileReference; includeInIndex = 1; lastKnownFileType = text.xcconfig; name = "Pods-GitHubReposUITests.release.xcconfig"; path = "Pods/Target Support Files/Pods-GitHubReposUITests/Pods-GitHubReposUITests.release.xcconfig"; sourceTree = "<group>"; };
		842F72ED20D67A1600F78C08 /* GitHubRepos.app */ = {isa = PBXFileReference; explicitFileType = wrapper.application; includeInIndex = 0; path = GitHubRepos.app; sourceTree = BUILT_PRODUCTS_DIR; };
		842F72F020D67A1600F78C08 /* AppDelegate.swift */ = {isa = PBXFileReference; lastKnownFileType = sourcecode.swift; path = AppDelegate.swift; sourceTree = "<group>"; };
		842F72F520D67A1600F78C08 /* Base */ = {isa = PBXFileReference; lastKnownFileType = file.storyboard; name = Base; path = Base.lproj/Main.storyboard; sourceTree = "<group>"; };
		842F72F720D67A1600F78C08 /* Assets.xcassets */ = {isa = PBXFileReference; lastKnownFileType = folder.assetcatalog; path = Assets.xcassets; sourceTree = "<group>"; };
		842F72FA20D67A1600F78C08 /* Base */ = {isa = PBXFileReference; lastKnownFileType = file.storyboard; name = Base; path = Base.lproj/LaunchScreen.storyboard; sourceTree = "<group>"; };
		842F72FC20D67A1600F78C08 /* Info.plist */ = {isa = PBXFileReference; lastKnownFileType = text.plist.xml; path = Info.plist; sourceTree = "<group>"; };
		842F730120D67A1600F78C08 /* GitHubReposTests.xctest */ = {isa = PBXFileReference; explicitFileType = wrapper.cfbundle; includeInIndex = 0; path = GitHubReposTests.xctest; sourceTree = BUILT_PRODUCTS_DIR; };
		842F730520D67A1600F78C08 /* GitHubReposTests.swift */ = {isa = PBXFileReference; lastKnownFileType = sourcecode.swift; path = GitHubReposTests.swift; sourceTree = "<group>"; };
		842F730720D67A1600F78C08 /* Info.plist */ = {isa = PBXFileReference; lastKnownFileType = text.plist.xml; path = Info.plist; sourceTree = "<group>"; };
		842F730C20D67A1600F78C08 /* GitHubReposUITests.xctest */ = {isa = PBXFileReference; explicitFileType = wrapper.cfbundle; includeInIndex = 0; path = GitHubReposUITests.xctest; sourceTree = BUILT_PRODUCTS_DIR; };
		842F731020D67A1700F78C08 /* GitHubReposUITests.swift */ = {isa = PBXFileReference; lastKnownFileType = sourcecode.swift; path = GitHubReposUITests.swift; sourceTree = "<group>"; };
		842F731220D67A1700F78C08 /* Info.plist */ = {isa = PBXFileReference; lastKnownFileType = text.plist.xml; path = Info.plist; sourceTree = "<group>"; };
		842F732120D6832500F78C08 /* Repo.swift */ = {isa = PBXFileReference; lastKnownFileType = sourcecode.swift; path = Repo.swift; sourceTree = "<group>"; };
		842F732320D6834900F78C08 /* Repo+sql.swift */ = {isa = PBXFileReference; lastKnownFileType = sourcecode.swift; path = "Repo+sql.swift"; sourceTree = "<group>"; };
		842F732920D68CE200F78C08 /* RepoViewCell.swift */ = {isa = PBXFileReference; lastKnownFileType = sourcecode.swift; path = RepoViewCell.swift; sourceTree = "<group>"; };
		842F732B20D68D6700F78C08 /* ReposVC.swift */ = {isa = PBXFileReference; lastKnownFileType = sourcecode.swift; path = ReposVC.swift; sourceTree = "<group>"; };
		842F732D20D69AC300F78C08 /* GitHubAPI.swift */ = {isa = PBXFileReference; lastKnownFileType = sourcecode.swift; path = GitHubAPI.swift; sourceTree = "<group>"; };
		84C186F120D78399002FFECF /* MainVC.swift */ = {isa = PBXFileReference; lastKnownFileType = sourcecode.swift; path = MainVC.swift; sourceTree = "<group>"; };
		84C186F420D78D6B002FFECF /* Date.swift */ = {isa = PBXFileReference; lastKnownFileType = sourcecode.swift; path = Date.swift; sourceTree = "<group>"; };
		89418AA70C957FAB12E3F589 /* Pods-GitHubReposTests.release.xcconfig */ = {isa = PBXFileReference; includeInIndex = 1; lastKnownFileType = text.xcconfig; name = "Pods-GitHubReposTests.release.xcconfig"; path = "Pods/Target Support Files/Pods-GitHubReposTests/Pods-GitHubReposTests.release.xcconfig"; sourceTree = "<group>"; };
		B4B56175B7CB3089FD716EEE /* Pods-GitHubReposTests.debug.xcconfig */ = {isa = PBXFileReference; includeInIndex = 1; lastKnownFileType = text.xcconfig; name = "Pods-GitHubReposTests.debug.xcconfig"; path = "Pods/Target Support Files/Pods-GitHubReposTests/Pods-GitHubReposTests.debug.xcconfig"; sourceTree = "<group>"; };
		D9C08FD214BD0C9412378FAD /* Pods-GitHubRepos.release.xcconfig */ = {isa = PBXFileReference; includeInIndex = 1; lastKnownFileType = text.xcconfig; name = "Pods-GitHubRepos.release.xcconfig"; path = "Pods/Target Support Files/Pods-GitHubRepos/Pods-GitHubRepos.release.xcconfig"; sourceTree = "<group>"; };
		E0AACFE10AA21C9AE76D4570 /* Pods_GitHubReposTests.framework */ = {isa = PBXFileReference; explicitFileType = wrapper.framework; includeInIndex = 0; path = Pods_GitHubReposTests.framework; sourceTree = BUILT_PRODUCTS_DIR; };
		F45CEAFA0E33DB6FD6D73E02 /* Pods_GitHubRepos.framework */ = {isa = PBXFileReference; explicitFileType = wrapper.framework; includeInIndex = 0; path = Pods_GitHubRepos.framework; sourceTree = BUILT_PRODUCTS_DIR; };
		FE88E296BE0C20032654415F /* Pods_GitHubReposUITests.framework */ = {isa = PBXFileReference; explicitFileType = wrapper.framework; includeInIndex = 0; path = Pods_GitHubReposUITests.framework; sourceTree = BUILT_PRODUCTS_DIR; };
/* End PBXFileReference section */

/* Begin PBXFrameworksBuildPhase section */
		842F72EA20D67A1600F78C08 /* Frameworks */ = {
			isa = PBXFrameworksBuildPhase;
			buildActionMask = 2147483647;
			files = (
				087ADF14B91E16248A1C7C55 /* Pods_GitHubRepos.framework in Frameworks */,
			);
			runOnlyForDeploymentPostprocessing = 0;
		};
		842F72FE20D67A1600F78C08 /* Frameworks */ = {
			isa = PBXFrameworksBuildPhase;
			buildActionMask = 2147483647;
			files = (
				72AD414E7833F6F6BFA4B186 /* Pods_GitHubReposTests.framework in Frameworks */,
			);
			runOnlyForDeploymentPostprocessing = 0;
		};
		842F730920D67A1600F78C08 /* Frameworks */ = {
			isa = PBXFrameworksBuildPhase;
			buildActionMask = 2147483647;
			files = (
				FAA3D0753CAB27C845DF7C25 /* Pods_GitHubReposUITests.framework in Frameworks */,
			);
			runOnlyForDeploymentPostprocessing = 0;
		};
/* End PBXFrameworksBuildPhase section */

/* Begin PBXGroup section */
		842F72E420D67A1600F78C08 = {
			isa = PBXGroup;
			children = (
				842F72EF20D67A1600F78C08 /* GitHubRepos */,
				842F730420D67A1600F78C08 /* GitHubReposTests */,
				842F730F20D67A1700F78C08 /* GitHubReposUITests */,
				842F72EE20D67A1600F78C08 /* Products */,
				9D5C5A3A74B2C2CA10E078E7 /* Pods */,
				ECCCA57C86BF84890ABB486B /* Frameworks */,
			);
			sourceTree = "<group>";
		};
		842F72EE20D67A1600F78C08 /* Products */ = {
			isa = PBXGroup;
			children = (
				842F72ED20D67A1600F78C08 /* GitHubRepos.app */,
				842F730120D67A1600F78C08 /* GitHubReposTests.xctest */,
				842F730C20D67A1600F78C08 /* GitHubReposUITests.xctest */,
			);
			name = Products;
			sourceTree = "<group>";
		};
		842F72EF20D67A1600F78C08 /* GitHubRepos */ = {
			isa = PBXGroup;
			children = (
				84C186F320D78D4D002FFECF /* Extensions */,
				842F732020D67F7400F78C08 /* Controller */,
				842F731F20D67F6F00F78C08 /* View */,
				842F731E20D67F6000F78C08 /* Model */,
				842F72F020D67A1600F78C08 /* AppDelegate.swift */,
				842F72F420D67A1600F78C08 /* Main.storyboard */,
				842F72F720D67A1600F78C08 /* Assets.xcassets */,
				842F72F920D67A1600F78C08 /* LaunchScreen.storyboard */,
				842F72FC20D67A1600F78C08 /* Info.plist */,
			);
			path = GitHubRepos;
			sourceTree = "<group>";
		};
		842F730420D67A1600F78C08 /* GitHubReposTests */ = {
			isa = PBXGroup;
			children = (
				842F730520D67A1600F78C08 /* GitHubReposTests.swift */,
				842F730720D67A1600F78C08 /* Info.plist */,
			);
			path = GitHubReposTests;
			sourceTree = "<group>";
		};
		842F730F20D67A1700F78C08 /* GitHubReposUITests */ = {
			isa = PBXGroup;
			children = (
				842F731020D67A1700F78C08 /* GitHubReposUITests.swift */,
				842F731220D67A1700F78C08 /* Info.plist */,
			);
			path = GitHubReposUITests;
			sourceTree = "<group>";
		};
		842F731E20D67F6000F78C08 /* Model */ = {
			isa = PBXGroup;
			children = (
				842F732120D6832500F78C08 /* Repo.swift */,
				842F732320D6834900F78C08 /* Repo+sql.swift */,
				842F732D20D69AC300F78C08 /* GitHubAPI.swift */,
			);
			path = Model;
			sourceTree = "<group>";
		};
		842F731F20D67F6F00F78C08 /* View */ = {
			isa = PBXGroup;
			children = (
				842F732920D68CE200F78C08 /* RepoViewCell.swift */,
			);
			path = View;
			sourceTree = "<group>";
		};
		842F732020D67F7400F78C08 /* Controller */ = {
			isa = PBXGroup;
			children = (
				842F732B20D68D6700F78C08 /* ReposVC.swift */,
				84C186F120D78399002FFECF /* MainVC.swift */,
			);
			path = Controller;
			sourceTree = "<group>";
		};
		84C186F320D78D4D002FFECF /* Extensions */ = {
			isa = PBXGroup;
			children = (
				84C186F420D78D6B002FFECF /* Date.swift */,
			);
			path = Extensions;
			sourceTree = "<group>";
		};
		9D5C5A3A74B2C2CA10E078E7 /* Pods */ = {
			isa = PBXGroup;
			children = (
				5F346E0BE93FA5044EE59186 /* Pods-GitHubRepos.debug.xcconfig */,
				D9C08FD214BD0C9412378FAD /* Pods-GitHubRepos.release.xcconfig */,
				B4B56175B7CB3089FD716EEE /* Pods-GitHubReposTests.debug.xcconfig */,
				89418AA70C957FAB12E3F589 /* Pods-GitHubReposTests.release.xcconfig */,
				073075F7518D8576BDE774F5 /* Pods-GitHubReposUITests.debug.xcconfig */,
				61D5E826E72FD19891E7A0BD /* Pods-GitHubReposUITests.release.xcconfig */,
			);
			name = Pods;
			sourceTree = "<group>";
		};
		ECCCA57C86BF84890ABB486B /* Frameworks */ = {
			isa = PBXGroup;
			children = (
				F45CEAFA0E33DB6FD6D73E02 /* Pods_GitHubRepos.framework */,
				E0AACFE10AA21C9AE76D4570 /* Pods_GitHubReposTests.framework */,
				FE88E296BE0C20032654415F /* Pods_GitHubReposUITests.framework */,
			);
			name = Frameworks;
			sourceTree = "<group>";
		};
/* End PBXGroup section */

/* Begin PBXNativeTarget section */
		842F72EC20D67A1600F78C08 /* GitHubRepos */ = {
			isa = PBXNativeTarget;
			buildConfigurationList = 842F731520D67A1700F78C08 /* Build configuration list for PBXNativeTarget "GitHubRepos" */;
			buildPhases = (
				371259AD1BB6D0097AF8A531 /* [CP] Check Pods Manifest.lock */,
				842F72E920D67A1600F78C08 /* Sources */,
				842F72EA20D67A1600F78C08 /* Frameworks */,
				842F72EB20D67A1600F78C08 /* Resources */,
				E9A4C5117140E3F7EBDFF472 /* [CP] Embed Pods Frameworks */,
			);
			buildRules = (
			);
			dependencies = (
			);
			name = GitHubRepos;
			productName = GitHubRepos;
			productReference = 842F72ED20D67A1600F78C08 /* GitHubRepos.app */;
			productType = "com.apple.product-type.application";
		};
		842F730020D67A1600F78C08 /* GitHubReposTests */ = {
			isa = PBXNativeTarget;
			buildConfigurationList = 842F731820D67A1700F78C08 /* Build configuration list for PBXNativeTarget "GitHubReposTests" */;
			buildPhases = (
				1120E8646FA7FDD303369320 /* [CP] Check Pods Manifest.lock */,
				842F72FD20D67A1600F78C08 /* Sources */,
				842F72FE20D67A1600F78C08 /* Frameworks */,
				842F72FF20D67A1600F78C08 /* Resources */,
			);
			buildRules = (
			);
			dependencies = (
				842F730320D67A1600F78C08 /* PBXTargetDependency */,
			);
			name = GitHubReposTests;
			productName = GitHubReposTests;
			productReference = 842F730120D67A1600F78C08 /* GitHubReposTests.xctest */;
			productType = "com.apple.product-type.bundle.unit-test";
		};
		842F730B20D67A1600F78C08 /* GitHubReposUITests */ = {
			isa = PBXNativeTarget;
			buildConfigurationList = 842F731B20D67A1700F78C08 /* Build configuration list for PBXNativeTarget "GitHubReposUITests" */;
			buildPhases = (
				73B3342A24A960EE6FBE2A46 /* [CP] Check Pods Manifest.lock */,
				842F730820D67A1600F78C08 /* Sources */,
				842F730920D67A1600F78C08 /* Frameworks */,
				842F730A20D67A1600F78C08 /* Resources */,
			);
			buildRules = (
			);
			dependencies = (
				842F730E20D67A1700F78C08 /* PBXTargetDependency */,
			);
			name = GitHubReposUITests;
			productName = GitHubReposUITests;
			productReference = 842F730C20D67A1600F78C08 /* GitHubReposUITests.xctest */;
			productType = "com.apple.product-type.bundle.ui-testing";
		};
/* End PBXNativeTarget section */

/* Begin PBXProject section */
		842F72E520D67A1600F78C08 /* Project object */ = {
			isa = PBXProject;
			attributes = {
				LastSwiftUpdateCheck = 0900;
				LastUpgradeCheck = 0900;
				ORGANIZATIONNAME = "Aviv Eyal";
				TargetAttributes = {
					842F72EC20D67A1600F78C08 = {
						CreatedOnToolsVersion = 9.0;
						ProvisioningStyle = Automatic;
					};
					842F730020D67A1600F78C08 = {
						CreatedOnToolsVersion = 9.0;
						ProvisioningStyle = Automatic;
						TestTargetID = 842F72EC20D67A1600F78C08;
					};
					842F730B20D67A1600F78C08 = {
						CreatedOnToolsVersion = 9.0;
						ProvisioningStyle = Automatic;
						TestTargetID = 842F72EC20D67A1600F78C08;
					};
				};
			};
			buildConfigurationList = 842F72E820D67A1600F78C08 /* Build configuration list for PBXProject "GitHubRepos" */;
			compatibilityVersion = "Xcode 8.0";
			developmentRegion = en;
			hasScannedForEncodings = 0;
			knownRegions = (
				en,
				Base,
			);
			mainGroup = 842F72E420D67A1600F78C08;
			productRefGroup = 842F72EE20D67A1600F78C08 /* Products */;
			projectDirPath = "";
			projectRoot = "";
			targets = (
				842F72EC20D67A1600F78C08 /* GitHubRepos */,
				842F730020D67A1600F78C08 /* GitHubReposTests */,
				842F730B20D67A1600F78C08 /* GitHubReposUITests */,
			);
		};
/* End PBXProject section */

/* Begin PBXResourcesBuildPhase section */
		842F72EB20D67A1600F78C08 /* Resources */ = {
			isa = PBXResourcesBuildPhase;
			buildActionMask = 2147483647;
			files = (
				842F72FB20D67A1600F78C08 /* LaunchScreen.storyboard in Resources */,
				842F72F820D67A1600F78C08 /* Assets.xcassets in Resources */,
				842F72F620D67A1600F78C08 /* Main.storyboard in Resources */,
			);
			runOnlyForDeploymentPostprocessing = 0;
		};
		842F72FF20D67A1600F78C08 /* Resources */ = {
			isa = PBXResourcesBuildPhase;
			buildActionMask = 2147483647;
			files = (
			);
			runOnlyForDeploymentPostprocessing = 0;
		};
		842F730A20D67A1600F78C08 /* Resources */ = {
			isa = PBXResourcesBuildPhase;
			buildActionMask = 2147483647;
			files = (
			);
			runOnlyForDeploymentPostprocessing = 0;
		};
/* End PBXResourcesBuildPhase section */

/* Begin PBXShellScriptBuildPhase section */
		1120E8646FA7FDD303369320 /* [CP] Check Pods Manifest.lock */ = {
			isa = PBXShellScriptBuildPhase;
			buildActionMask = 2147483647;
			files = (
			);
			inputPaths = (
				"${PODS_PODFILE_DIR_PATH}/Podfile.lock",
				"${PODS_ROOT}/Manifest.lock",
			);
			name = "[CP] Check Pods Manifest.lock";
			outputPaths = (
				"$(DERIVED_FILE_DIR)/Pods-GitHubReposTests-checkManifestLockResult.txt",
			);
			runOnlyForDeploymentPostprocessing = 0;
			shellPath = /bin/sh;
			shellScript = "diff \"${PODS_PODFILE_DIR_PATH}/Podfile.lock\" \"${PODS_ROOT}/Manifest.lock\" > /dev/null\nif [ $? != 0 ] ; then\n    # print error to STDERR\n    echo \"error: The sandbox is not in sync with the Podfile.lock. Run 'pod install' or update your CocoaPods installation.\" >&2\n    exit 1\nfi\n# This output is used by Xcode 'outputs' to avoid re-running this script phase.\necho \"SUCCESS\" > \"${SCRIPT_OUTPUT_FILE_0}\"\n";
			showEnvVarsInLog = 0;
		};
		371259AD1BB6D0097AF8A531 /* [CP] Check Pods Manifest.lock */ = {
			isa = PBXShellScriptBuildPhase;
			buildActionMask = 2147483647;
			files = (
			);
			inputPaths = (
				"${PODS_PODFILE_DIR_PATH}/Podfile.lock",
				"${PODS_ROOT}/Manifest.lock",
			);
			name = "[CP] Check Pods Manifest.lock";
			outputPaths = (
				"$(DERIVED_FILE_DIR)/Pods-GitHubRepos-checkManifestLockResult.txt",
			);
			runOnlyForDeploymentPostprocessing = 0;
			shellPath = /bin/sh;
			shellScript = "diff \"${PODS_PODFILE_DIR_PATH}/Podfile.lock\" \"${PODS_ROOT}/Manifest.lock\" > /dev/null\nif [ $? != 0 ] ; then\n    # print error to STDERR\n    echo \"error: The sandbox is not in sync with the Podfile.lock. Run 'pod install' or update your CocoaPods installation.\" >&2\n    exit 1\nfi\n# This output is used by Xcode 'outputs' to avoid re-running this script phase.\necho \"SUCCESS\" > \"${SCRIPT_OUTPUT_FILE_0}\"\n";
			showEnvVarsInLog = 0;
		};
		73B3342A24A960EE6FBE2A46 /* [CP] Check Pods Manifest.lock */ = {
			isa = PBXShellScriptBuildPhase;
			buildActionMask = 2147483647;
			files = (
			);
			inputPaths = (
				"${PODS_PODFILE_DIR_PATH}/Podfile.lock",
				"${PODS_ROOT}/Manifest.lock",
			);
			name = "[CP] Check Pods Manifest.lock";
			outputPaths = (
				"$(DERIVED_FILE_DIR)/Pods-GitHubReposUITests-checkManifestLockResult.txt",
			);
			runOnlyForDeploymentPostprocessing = 0;
			shellPath = /bin/sh;
			shellScript = "diff \"${PODS_PODFILE_DIR_PATH}/Podfile.lock\" \"${PODS_ROOT}/Manifest.lock\" > /dev/null\nif [ $? != 0 ] ; then\n    # print error to STDERR\n    echo \"error: The sandbox is not in sync with the Podfile.lock. Run 'pod install' or update your CocoaPods installation.\" >&2\n    exit 1\nfi\n# This output is used by Xcode 'outputs' to avoid re-running this script phase.\necho \"SUCCESS\" > \"${SCRIPT_OUTPUT_FILE_0}\"\n";
			showEnvVarsInLog = 0;
		};
		E9A4C5117140E3F7EBDFF472 /* [CP] Embed Pods Frameworks */ = {
			isa = PBXShellScriptBuildPhase;
			buildActionMask = 2147483647;
			files = (
			);
			inputPaths = (
				"${SRCROOT}/Pods/Target Support Files/Pods-GitHubRepos/Pods-GitHubRepos-frameworks.sh",
				"${BUILT_PRODUCTS_DIR}/Alamofire/Alamofire.framework",
			);
			name = "[CP] Embed Pods Frameworks";
			outputPaths = (
				"${TARGET_BUILD_DIR}/${FRAMEWORKS_FOLDER_PATH}/Alamofire.framework",
			);
			runOnlyForDeploymentPostprocessing = 0;
			shellPath = /bin/sh;
			shellScript = "\"${SRCROOT}/Pods/Target Support Files/Pods-GitHubRepos/Pods-GitHubRepos-frameworks.sh\"\n";
			showEnvVarsInLog = 0;
		};
/* End PBXShellScriptBuildPhase section */

/* Begin PBXSourcesBuildPhase section */
		842F72E920D67A1600F78C08 /* Sources */ = {
			isa = PBXSourcesBuildPhase;
			buildActionMask = 2147483647;
			files = (
				842F732220D6832500F78C08 /* Repo.swift in Sources */,
				842F732E20D69AC300F78C08 /* GitHubAPI.swift in Sources */,
				842F732420D6834900F78C08 /* Repo+sql.swift in Sources */,
				84C186F520D78D6B002FFECF /* Date.swift in Sources */,
				842F732C20D68D6700F78C08 /* ReposVC.swift in Sources */,
				842F732A20D68CE200F78C08 /* RepoViewCell.swift in Sources */,
				842F72F120D67A1600F78C08 /* AppDelegate.swift in Sources */,
				84C186F220D78399002FFECF /* MainVC.swift in Sources */,
			);
			runOnlyForDeploymentPostprocessing = 0;
		};
		842F72FD20D67A1600F78C08 /* Sources */ = {
			isa = PBXSourcesBuildPhase;
			buildActionMask = 2147483647;
			files = (
				842F730620D67A1600F78C08 /* GitHubReposTests.swift in Sources */,
			);
			runOnlyForDeploymentPostprocessing = 0;
		};
		842F730820D67A1600F78C08 /* Sources */ = {
			isa = PBXSourcesBuildPhase;
			buildActionMask = 2147483647;
			files = (
				842F731120D67A1700F78C08 /* GitHubReposUITests.swift in Sources */,
			);
			runOnlyForDeploymentPostprocessing = 0;
		};
/* End PBXSourcesBuildPhase section */

/* Begin PBXTargetDependency section */
		842F730320D67A1600F78C08 /* PBXTargetDependency */ = {
			isa = PBXTargetDependency;
			target = 842F72EC20D67A1600F78C08 /* GitHubRepos */;
			targetProxy = 842F730220D67A1600F78C08 /* PBXContainerItemProxy */;
		};
		842F730E20D67A1700F78C08 /* PBXTargetDependency */ = {
			isa = PBXTargetDependency;
			target = 842F72EC20D67A1600F78C08 /* GitHubRepos */;
			targetProxy = 842F730D20D67A1700F78C08 /* PBXContainerItemProxy */;
		};
/* End PBXTargetDependency section */

/* Begin PBXVariantGroup section */
		842F72F420D67A1600F78C08 /* Main.storyboard */ = {
			isa = PBXVariantGroup;
			children = (
				842F72F520D67A1600F78C08 /* Base */,
			);
			name = Main.storyboard;
			sourceTree = "<group>";
		};
		842F72F920D67A1600F78C08 /* LaunchScreen.storyboard */ = {
			isa = PBXVariantGroup;
			children = (
				842F72FA20D67A1600F78C08 /* Base */,
			);
			name = LaunchScreen.storyboard;
			sourceTree = "<group>";
		};
/* End PBXVariantGroup section */

/* Begin XCBuildConfiguration section */
		842F731320D67A1700F78C08 /* Debug */ = {
			isa = XCBuildConfiguration;
			buildSettings = {
				ALWAYS_SEARCH_USER_PATHS = NO;
				CLANG_ANALYZER_NONNULL = YES;
				CLANG_ANALYZER_NUMBER_OBJECT_CONVERSION = YES_AGGRESSIVE;
				CLANG_CXX_LANGUAGE_STANDARD = "gnu++14";
				CLANG_CXX_LIBRARY = "libc++";
				CLANG_ENABLE_MODULES = YES;
				CLANG_ENABLE_OBJC_ARC = YES;
				CLANG_WARN_BLOCK_CAPTURE_AUTORELEASING = YES;
				CLANG_WARN_BOOL_CONVERSION = YES;
				CLANG_WARN_COMMA = YES;
				CLANG_WARN_CONSTANT_CONVERSION = YES;
				CLANG_WARN_DIRECT_OBJC_ISA_USAGE = YES_ERROR;
				CLANG_WARN_DOCUMENTATION_COMMENTS = YES;
				CLANG_WARN_EMPTY_BODY = YES;
				CLANG_WARN_ENUM_CONVERSION = YES;
				CLANG_WARN_INFINITE_RECURSION = YES;
				CLANG_WARN_INT_CONVERSION = YES;
				CLANG_WARN_NON_LITERAL_NULL_CONVERSION = YES;
				CLANG_WARN_OBJC_LITERAL_CONVERSION = YES;
				CLANG_WARN_OBJC_ROOT_CLASS = YES_ERROR;
				CLANG_WARN_RANGE_LOOP_ANALYSIS = YES;
				CLANG_WARN_STRICT_PROTOTYPES = YES;
				CLANG_WARN_SUSPICIOUS_MOVE = YES;
				CLANG_WARN_UNGUARDED_AVAILABILITY = YES_AGGRESSIVE;
				CLANG_WARN_UNREACHABLE_CODE = YES;
				CLANG_WARN__DUPLICATE_METHOD_MATCH = YES;
				CODE_SIGN_IDENTITY = "iPhone Developer";
				COPY_PHASE_STRIP = NO;
				DEBUG_INFORMATION_FORMAT = dwarf;
				ENABLE_STRICT_OBJC_MSGSEND = YES;
				ENABLE_TESTABILITY = YES;
				GCC_C_LANGUAGE_STANDARD = gnu11;
				GCC_DYNAMIC_NO_PIC = NO;
				GCC_NO_COMMON_BLOCKS = YES;
				GCC_OPTIMIZATION_LEVEL = 0;
				GCC_PREPROCESSOR_DEFINITIONS = (
					"DEBUG=1",
					"$(inherited)",
				);
				GCC_WARN_64_TO_32_BIT_CONVERSION = YES;
				GCC_WARN_ABOUT_RETURN_TYPE = YES_ERROR;
				GCC_WARN_UNDECLARED_SELECTOR = YES;
				GCC_WARN_UNINITIALIZED_AUTOS = YES_AGGRESSIVE;
				GCC_WARN_UNUSED_FUNCTION = YES;
				GCC_WARN_UNUSED_VARIABLE = YES;
				IPHONEOS_DEPLOYMENT_TARGET = 11.0;
				MTL_ENABLE_DEBUG_INFO = YES;
				ONLY_ACTIVE_ARCH = YES;
				SDKROOT = iphoneos;
				SWIFT_ACTIVE_COMPILATION_CONDITIONS = DEBUG;
				SWIFT_OPTIMIZATION_LEVEL = "-Onone";
			};
			name = Debug;
		};
		842F731420D67A1700F78C08 /* Release */ = {
			isa = XCBuildConfiguration;
			buildSettings = {
				ALWAYS_SEARCH_USER_PATHS = NO;
				CLANG_ANALYZER_NONNULL = YES;
				CLANG_ANALYZER_NUMBER_OBJECT_CONVERSION = YES_AGGRESSIVE;
				CLANG_CXX_LANGUAGE_STANDARD = "gnu++14";
				CLANG_CXX_LIBRARY = "libc++";
				CLANG_ENABLE_MODULES = YES;
				CLANG_ENABLE_OBJC_ARC = YES;
				CLANG_WARN_BLOCK_CAPTURE_AUTORELEASING = YES;
				CLANG_WARN_BOOL_CONVERSION = YES;
				CLANG_WARN_COMMA = YES;
				CLANG_WARN_CONSTANT_CONVERSION = YES;
				CLANG_WARN_DIRECT_OBJC_ISA_USAGE = YES_ERROR;
				CLANG_WARN_DOCUMENTATION_COMMENTS = YES;
				CLANG_WARN_EMPTY_BODY = YES;
				CLANG_WARN_ENUM_CONVERSION = YES;
				CLANG_WARN_INFINITE_RECURSION = YES;
				CLANG_WARN_INT_CONVERSION = YES;
				CLANG_WARN_NON_LITERAL_NULL_CONVERSION = YES;
				CLANG_WARN_OBJC_LITERAL_CONVERSION = YES;
				CLANG_WARN_OBJC_ROOT_CLASS = YES_ERROR;
				CLANG_WARN_RANGE_LOOP_ANALYSIS = YES;
				CLANG_WARN_STRICT_PROTOTYPES = YES;
				CLANG_WARN_SUSPICIOUS_MOVE = YES;
				CLANG_WARN_UNGUARDED_AVAILABILITY = YES_AGGRESSIVE;
				CLANG_WARN_UNREACHABLE_CODE = YES;
				CLANG_WARN__DUPLICATE_METHOD_MATCH = YES;
				CODE_SIGN_IDENTITY = "iPhone Developer";
				COPY_PHASE_STRIP = NO;
				DEBUG_INFORMATION_FORMAT = "dwarf-with-dsym";
				ENABLE_NS_ASSERTIONS = NO;
				ENABLE_STRICT_OBJC_MSGSEND = YES;
				GCC_C_LANGUAGE_STANDARD = gnu11;
				GCC_NO_COMMON_BLOCKS = YES;
				GCC_WARN_64_TO_32_BIT_CONVERSION = YES;
				GCC_WARN_ABOUT_RETURN_TYPE = YES_ERROR;
				GCC_WARN_UNDECLARED_SELECTOR = YES;
				GCC_WARN_UNINITIALIZED_AUTOS = YES_AGGRESSIVE;
				GCC_WARN_UNUSED_FUNCTION = YES;
				GCC_WARN_UNUSED_VARIABLE = YES;
				IPHONEOS_DEPLOYMENT_TARGET = 11.0;
				MTL_ENABLE_DEBUG_INFO = NO;
				SDKROOT = iphoneos;
				SWIFT_OPTIMIZATION_LEVEL = "-Owholemodule";
				VALIDATE_PRODUCT = YES;
			};
			name = Release;
		};
		842F731620D67A1700F78C08 /* Debug */ = {
			isa = XCBuildConfiguration;
			baseConfigurationReference = 5F346E0BE93FA5044EE59186 /* Pods-GitHubRepos.debug.xcconfig */;
			buildSettings = {
				ASSETCATALOG_COMPILER_APPICON_NAME = AppIcon;
				CODE_SIGN_STYLE = Automatic;
				DEVELOPMENT_TEAM = YK5KP4P69Q;
				INFOPLIST_FILE = GitHubRepos/Info.plist;
				LD_RUNPATH_SEARCH_PATHS = "$(inherited) @executable_path/Frameworks";
				PRODUCT_BUNDLE_IDENTIFIER = com.GitHubRepos;
				PRODUCT_NAME = "$(TARGET_NAME)";
				SWIFT_VERSION = 4.0;
				TARGETED_DEVICE_FAMILY = "1,2";
			};
			name = Debug;
		};
		842F731720D67A1700F78C08 /* Release */ = {
			isa = XCBuildConfiguration;
			baseConfigurationReference = D9C08FD214BD0C9412378FAD /* Pods-GitHubRepos.release.xcconfig */;
			buildSettings = {
				ASSETCATALOG_COMPILER_APPICON_NAME = AppIcon;
				CODE_SIGN_STYLE = Automatic;
				DEVELOPMENT_TEAM = YK5KP4P69Q;
				INFOPLIST_FILE = GitHubRepos/Info.plist;
				LD_RUNPATH_SEARCH_PATHS = "$(inherited) @executable_path/Frameworks";
				PRODUCT_BUNDLE_IDENTIFIER = com.GitHubRepos;
				PRODUCT_NAME = "$(TARGET_NAME)";
				SWIFT_VERSION = 4.0;
				TARGETED_DEVICE_FAMILY = "1,2";
			};
			name = Release;
		};
		842F731920D67A1700F78C08 /* Debug */ = {
			isa = XCBuildConfiguration;
			baseConfigurationReference = B4B56175B7CB3089FD716EEE /* Pods-GitHubReposTests.debug.xcconfig */;
			buildSettings = {
				ALWAYS_EMBED_SWIFT_STANDARD_LIBRARIES = YES;
				BUNDLE_LOADER = "$(TEST_HOST)";
				CODE_SIGN_STYLE = Automatic;
				DEVELOPMENT_TEAM = YK5KP4P69Q;
				INFOPLIST_FILE = GitHubReposTests/Info.plist;
				LD_RUNPATH_SEARCH_PATHS = "$(inherited) @executable_path/Frameworks @loader_path/Frameworks";
				PRODUCT_BUNDLE_IDENTIFIER = com.GitHubReposTests;
				PRODUCT_NAME = "$(TARGET_NAME)";
				SWIFT_VERSION = 4.0;
				TARGETED_DEVICE_FAMILY = "1,2";
				TEST_HOST = "$(BUILT_PRODUCTS_DIR)/GitHubRepos.app/GitHubRepos";
			};
			name = Debug;
		};
		842F731A20D67A1700F78C08 /* Release */ = {
			isa = XCBuildConfiguration;
			baseConfigurationReference = 89418AA70C957FAB12E3F589 /* Pods-GitHubReposTests.release.xcconfig */;
			buildSettings = {
				ALWAYS_EMBED_SWIFT_STANDARD_LIBRARIES = YES;
				BUNDLE_LOADER = "$(TEST_HOST)";
				CODE_SIGN_STYLE = Automatic;
				DEVELOPMENT_TEAM = YK5KP4P69Q;
				INFOPLIST_FILE = GitHubReposTests/Info.plist;
				LD_RUNPATH_SEARCH_PATHS = "$(inherited) @executable_path/Frameworks @loader_path/Frameworks";
				PRODUCT_BUNDLE_IDENTIFIER = com.GitHubReposTests;
				PRODUCT_NAME = "$(TARGET_NAME)";
				SWIFT_VERSION = 4.0;
				TARGETED_DEVICE_FAMILY = "1,2";
				TEST_HOST = "$(BUILT_PRODUCTS_DIR)/GitHubRepos.app/GitHubRepos";
			};
			name = Release;
		};
		842F731C20D67A1700F78C08 /* Debug */ = {
			isa = XCBuildConfiguration;
			baseConfigurationReference = 073075F7518D8576BDE774F5 /* Pods-GitHubReposUITests.debug.xcconfig */;
			buildSettings = {
				ALWAYS_EMBED_SWIFT_STANDARD_LIBRARIES = YES;
				CODE_SIGN_STYLE = Automatic;
				DEVELOPMENT_TEAM = YK5KP4P69Q;
				INFOPLIST_FILE = GitHubReposUITests/Info.plist;
				LD_RUNPATH_SEARCH_PATHS = "$(inherited) @executable_path/Frameworks @loader_path/Frameworks";
				PRODUCT_BUNDLE_IDENTIFIER = com.GitHubReposUITests;
				PRODUCT_NAME = "$(TARGET_NAME)";
				SWIFT_VERSION = 4.0;
				TARGETED_DEVICE_FAMILY = "1,2";
				TEST_TARGET_NAME = GitHubRepos;
			};
			name = Debug;
		};
		842F731D20D67A1700F78C08 /* Release */ = {
			isa = XCBuildConfiguration;
			baseConfigurationReference = 61D5E826E72FD19891E7A0BD /* Pods-GitHubReposUITests.release.xcconfig */;
			buildSettings = {
				ALWAYS_EMBED_SWIFT_STANDARD_LIBRARIES = YES;
				CODE_SIGN_STYLE = Automatic;
				DEVELOPMENT_TEAM = YK5KP4P69Q;
				INFOPLIST_FILE = GitHubReposUITests/Info.plist;
				LD_RUNPATH_SEARCH_PATHS = "$(inherited) @executable_path/Frameworks @loader_path/Frameworks";
				PRODUCT_BUNDLE_IDENTIFIER = com.GitHubReposUITests;
				PRODUCT_NAME = "$(TARGET_NAME)";
				SWIFT_VERSION = 4.0;
				TARGETED_DEVICE_FAMILY = "1,2";
				TEST_TARGET_NAME = GitHubRepos;
			};
			name = Release;
		};
/* End XCBuildConfiguration section */

/* Begin XCConfigurationList section */
		842F72E820D67A1600F78C08 /* Build configuration list for PBXProject "GitHubRepos" */ = {
			isa = XCConfigurationList;
			buildConfigurations = (
				842F731320D67A1700F78C08 /* Debug */,
				842F731420D67A1700F78C08 /* Release */,
			);
			defaultConfigurationIsVisible = 0;
			defaultConfigurationName = Release;
		};
		842F731520D67A1700F78C08 /* Build configuration list for PBXNativeTarget "GitHubRepos" */ = {
			isa = XCConfigurationList;
			buildConfigurations = (
				842F731620D67A1700F78C08 /* Debug */,
				842F731720D67A1700F78C08 /* Release */,
			);
			defaultConfigurationIsVisible = 0;
			defaultConfigurationName = Release;
		};
		842F731820D67A1700F78C08 /* Build configuration list for PBXNativeTarget "GitHubReposTests" */ = {
			isa = XCConfigurationList;
			buildConfigurations = (
				842F731920D67A1700F78C08 /* Debug */,
				842F731A20D67A1700F78C08 /* Release */,
			);
			defaultConfigurationIsVisible = 0;
			defaultConfigurationName = Release;
		};
		842F731B20D67A1700F78C08 /* Build configuration list for PBXNativeTarget "GitHubReposUITests" */ = {
			isa = XCConfigurationList;
			buildConfigurations = (
				842F731C20D67A1700F78C08 /* Debug */,
				842F731D20D67A1700F78C08 /* Release */,
			);
			defaultConfigurationIsVisible = 0;
			defaultConfigurationName = Release;
		};
/* End XCConfigurationList section */
	};
	rootObject = 842F72E520D67A1600F78C08 /* Project object */;
}
